
Microsoft Visual Studio Solution File, Format Version 12.00
# Visual Studio 15
VisualStudioVersion = 15.0.27703.2047
MinimumVisualStudioVersion = 10.0.40219.1
Project("{8BC9CEB8-8B4A-11D0-8D11-00A0C91BC942}") = "OOP W9 L2", "OOP W9 L2\OOP W9 L2.vcxproj", "{A1184CEC-3AC2-4D1B-98D4-D1069555062B}"
EndProject
Global
	GlobalSection(SolutionConfigurationPlatforms) = preSolution
		Debug|x64 = Debug|x64
		Debug|x86 = Debug|x86
		Release|x64 = Release|x64
		Release|x86 = Release|x86
	EndGlobalSection
	GlobalSection(ProjectConfigurationPlatforms) = postSolution
		{A1184CEC-3AC2-4D1B-98D4-D1069555062B}.Debug|x64.ActiveCfg = Debug|x64
		{A1184CEC-3AC2-4D1B-98D4-D1069555062B}.Debug|x64.Build.0 = Debug|x64
		{A1184CEC-3AC2-4D1B-98D4-D1069555062B}.Debug|x86.ActiveCfg = Debug|Win32
		{A1184CEC-3AC2-4D1B-98D4-D1069555062B}.Debug|x86.Build.0 = Debug|Win32
		{A1184CEC-3AC2-4D1B-98D4-D1069555062B}.Release|x64.ActiveCfg = Release|x64
		{A1184CEC-3AC2-4D1B-98D4-D1069555062B}.Release|x64.Build.0 = Release|x64
		{A1184CEC-3AC2-4D1B-98D4-D1069555062B}.Release|x86.ActiveCfg = Release|Win32
		{A1184CEC-3AC2-4D1B-98D4-D1069555062B}.Release|x86.Build.0 = Release|Win32
	EndGlobalSection
	GlobalSection(SolutionProperties) = preSolution
		HideSolutionNode = FALSE
	EndGlobalSection
	GlobalSection(ExtensibilityGlobals) = postSolution
		SolutionGuid = {DA0F7F97-8D79-4651-AEE2-D37B85D95A06}
	EndGlobalSection
EndGlobal
